<?xml version="1.0" encoding="utf-8"?>
<Project ToolsVersion="4.0" xmlns="http://schemas.microsoft.com/developer/msbuild/2003">
  <ItemGroup>
    <ClCompile Include="main.cpp" />
    <ClCompile Include="stdafx.cpp">
      <Filter>Source Files</Filter>
    </ClCompile>
    <ClCompile Include="qtablewidgetwithcopypaste.cpp">
      <Filter>Source Files</Filter>
    </ClCompile>
    <ClCompile Include="conversions.cpp">
      <Filter>Source Files</Filter>
    </ClCompile>
    <ClCompile Include="magnetparams.cpp">
      <Filter>Source Files</Filter>
    </ClCompile>
    <ClCompile Include="processmanager.cpp">
      <Filter>Source Files</Filter>
    </ClCompile>
    <ClCompile Include="aboutdialog.cpp">
      <Filter>Source Files</Filter>
    </ClCompile>
    <ClCompile Include="multiaxisoperation-vectors.cpp">
      <Filter>Source Files</Filter>
    </ClCompile>
    <ClCompile Include="multiaxisoperation.cpp">
      <Filter>Source Files</Filter>
    </ClCompile>
    <ClCompile Include="multiaxisoperation-align.cpp">
      <Filter>Source Files</Filter>
    </ClCompile>
    <ClCompile Include="parser.cpp">
      <Filter>Source Files</Filter>
    </ClCompile>
    <ClCompile Include="multiaxisoperation-parser.cpp">
      <Filter>Source Files</Filter>
    </ClCompile>
    <ClCompile Include="multiaxisoperation-polar.cpp">
      <Filter>Source Files</Filter>
    </ClCompile>
  </ItemGroup>
  <ItemGroup>
    <Filter Include="Resource Files">
      <UniqueIdentifier>{D9D6E242-F8AF-46E4-B9FD-80ECBC20BA3E}</UniqueIdentifier>
      <Extensions>qrc;*</Extensions>
      <ParseFiles>false</ParseFiles>
    </Filter>
    <Filter Include="Source Files">
      <UniqueIdentifier>{4FC737F1-C7A5-4376-A066-2A32D752A2FF}</UniqueIdentifier>
      <Extensions>cpp;c;cc;cxx;def;odl;idl;hpj;bat;asm;asmx</Extensions>
      <ParseFiles>true</ParseFiles>
    </Filter>
    <Filter Include="Header Files">
      <UniqueIdentifier>{93995380-89BD-4b04-88EB-625FBE52EBFB}</UniqueIdentifier>
      <Extensions>h;hh;hpp;hxx;hm;inl;inc;xsd</Extensions>
      <ParseFiles>true</ParseFiles>
    </Filter>
    <Filter Include="Generated Files">
      <UniqueIdentifier>{71ED8ED8-ACB9-4CE9-BBE1-E00B30144E11}</UniqueIdentifier>
      <Extensions>moc;h;cpp</Extensions>
      <ParseFiles>true</ParseFiles>
    </Filter>
    <Filter Include="Form Files">
      <UniqueIdentifier>{99349809-55BA-4b9d-BF79-8FDBB0286EB3}</UniqueIdentifier>
      <Extensions>ui</Extensions>
      <ParseFiles>true</ParseFiles>
    </Filter>
    <Filter Include="Generated Files\Debug">
      <UniqueIdentifier>{946da9ee-bb9e-4dcd-8ac8-ec4ae52c90d1}</UniqueIdentifier>
    </Filter>
    <Filter Include="Generated Files\Release">
      <UniqueIdentifier>{296566af-5bf2-4a2c-9229-ba0873493d5d}</UniqueIdentifier>
    </Filter>
  </ItemGroup>
  <ItemGroup>
    <ClInclude Include="stdafx.h">
      <Filter>Header Files</Filter>
    </ClInclude>
    <ClInclude Include="qtablewidgetwithcopypaste.h">
      <Filter>Header Files</Filter>
    </ClInclude>
    <ClInclude Include="conversions.h">
      <Filter>Header Files</Filter>
    </ClInclude>
  </ItemGroup>
  <ItemGroup>
    <QtUic Include="magnetparams.ui">
      <Filter>Form Files</Filter>
    </QtUic>
    <QtMoc Include="magnetparams.h">
      <Filter>Header Files</Filter>
    </QtMoc>
    <QtMoc Include="processmanager.h">
      <Filter>Header Files</Filter>
    </QtMoc>
    <QtMoc Include="aboutdialog.h">
      <Filter>Header Files</Filter>
    </QtMoc>
    <QtUic Include="aboutdialog.ui">
      <Filter>Form Files</Filter>
    </QtUic>
    <QtUic Include="multiaxisoperation.ui">
      <Filter>Form Files</Filter>
    </QtUic>
    <QtRcc Include="multiaxisoperation.qrc">
      <Filter>Resource Files</Filter>
    </QtRcc>
    <QtMoc Include="multiaxisoperation.h">
      <Filter>Header Files</Filter>
    </QtMoc>
  </ItemGroup>
  <ItemGroup>
    <ResourceCompile Include="Multi-Axis-Operation.rc" />
  </ItemGroup>
  <ItemGroup>
    <Image Include="Resources\connect-off.png">
      <Filter>Resource Files</Filter>
    </Image>
    <Image Include="Resources\connect-off%402x.png">
      <Filter>Resource Files</Filter>
    </Image>
    <Image Include="Resources\connect-ok.png">
      <Filter>Resource Files</Filter>
    </Image>
    <Image Include="Resources\connect-ok%402x.png">
      <Filter>Resource Files</Filter>
    </Image>
    <Image Include="Resources\settings.png">
      <Filter>Resource Files</Filter>
    </Image>
    <Image Include="Resources\settings%402x.png">
      <Filter>Resource Files</Filter>
    </Image>
    <Image Include="Resources\AMIlogo.png">
      <Filter>Resource Files</Filter>
    </Image>
  </ItemGroup>
  <ItemGroup>
    <QtMoc Include="parser.h">
      <Filter>Header Files</Filter>
    </QtMoc>
  </ItemGroup>
</Project>